
Microsoft Visual Studio Solution File, Format Version 12.00
# Visual Studio Version 18
VisualStudioVersion = 18.3.11520.95
MinimumVisualStudioVersion = 10.0.40219.1
Project("{FAE04EC0-301F-11D3-BF4B-00C04F79EFBC}") = "IamFlaw", "IamFlaw.csproj", "{B31023A0-BAC9-496D-BB53-E6ED4FCEA1F1}"
EndProject
Global
	GlobalSection(SolutionConfigurationPlatforms) = preSolution
		Debug|Any CPU = Debug|Any CPU
		ExportDebug|Any CPU = ExportDebug|Any CPU
		ExportRelease|Any CPU = ExportRelease|Any CPU
	EndGlobalSection
	GlobalSection(ProjectConfigurationPlatforms) = postSolution
		{B31023A0-BAC9-496D-BB53-E6ED4FCEA1F1}.Debug|Any CPU.ActiveCfg = ExportRelease|Any CPU
		{B31023A0-BAC9-496D-BB53-E6ED4FCEA1F1}.Debug|Any CPU.Build.0 = ExportRelease|Any CPU
		{B31023A0-BAC9-496D-BB53-E6ED4FCEA1F1}.ExportDebug|Any CPU.ActiveCfg = ExportDebug|Any CPU
		{B31023A0-BAC9-496D-BB53-E6ED4FCEA1F1}.ExportDebug|Any CPU.Build.0 = ExportDebug|Any CPU
		{B31023A0-BAC9-496D-BB53-E6ED4FCEA1F1}.ExportRelease|Any CPU.ActiveCfg = ExportRelease|Any CPU
		{B31023A0-BAC9-496D-BB53-E6ED4FCEA1F1}.ExportRelease|Any CPU.Build.0 = ExportRelease|Any CPU
	EndGlobalSection
	GlobalSection(SolutionProperties) = preSolution
		HideSolutionNode = FALSE
	EndGlobalSection
	GlobalSection(ExtensibilityGlobals) = postSolution
		SolutionGuid = {48BFE7EE-197A-4A67-8F96-4D5EA9733EF0}
	EndGlobalSection
EndGlobal
